// !$*UTF8*$!
{
	archiveVersion = 1;
	classes = {
	};
	objectVersion = 50;
	objects = {

/* Begin PBXBuildFile section */
		4555AA86212EC91E00039957 /* README.md in Resources */ = {isa = PBXBuildFile; fileRef = 4555AA85212EC91E00039957 /* README.md */; };
		45561635212D7EA600DF4C6A /* SwiftyJSON.swift in Sources */ = {isa = PBXBuildFile; fileRef = 45561634212D7EA600DF4C6A /* SwiftyJSON.swift */; };
		45561637212D858B00DF4C6A /* DetailViewController.swift in Sources */ = {isa = PBXBuildFile; fileRef = 45561636212D858B00DF4C6A /* DetailViewController.swift */; };
		45CB86FD212D796000239BEC /* AppDelegate.swift in Sources */ = {isa = PBXBuildFile; fileRef = 45CB86FC212D796000239BEC /* AppDelegate.swift */; };
		45CB86FF212D796000239BEC /* ViewController.swift in Sources */ = {isa = PBXBuildFile; fileRef = 45CB86FE212D796000239BEC /* ViewController.swift */; };
		45CB8702212D796000239BEC /* Main.storyboard in Resources */ = {isa = PBXBuildFile; fileRef = 45CB8700212D796000239BEC /* Main.storyboard */; };
		45CB8704212D796100239BEC /* Assets.xcassets in Resources */ = {isa = PBXBuildFile; fileRef = 45CB8703212D796100239BEC /* Assets.xcassets */; };
		45CB8707212D796100239BEC /* LaunchScreen.storyboard in Resources */ = {isa = PBXBuildFile; fileRef = 45CB8705212D796100239BEC /* LaunchScreen.storyboard */; };
/* End PBXBuildFile section */

/* Begin PBXFileReference section */
		4555AA85212EC91E00039957 /* README.md */ = {isa = PBXFileReference; fileEncoding = 4; lastKnownFileType = net.daringfireball.markdown; path = README.md; sourceTree = "<group>"; };
		45561634212D7EA600DF4C6A /* SwiftyJSON.swift */ = {isa = PBXFileReference; fileEncoding = 4; lastKnownFileType = sourcecode.swift; path = SwiftyJSON.swift; sourceTree = "<group>"; };
		45561636212D858B00DF4C6A /* DetailViewController.swift */ = {isa = PBXFileReference; lastKnownFileType = sourcecode.swift; path = DetailViewController.swift; sourceTree = "<group>"; };
		45CB86F9212D796000239BEC /* JSON Project.app */ = {isa = PBXFileReference; explicitFileType = wrapper.application; includeInIndex = 0; path = "JSON Project.app"; sourceTree = BUILT_PRODUCTS_DIR; };
		45CB86FC212D796000239BEC /* AppDelegate.swift */ = {isa = PBXFileReference; lastKnownFileType = sourcecode.swift; path = AppDelegate.swift; sourceTree = "<group>"; };
		45CB86FE212D796000239BEC /* ViewController.swift */ = {isa = PBXFileReference; lastKnownFileType = sourcecode.swift; path = ViewController.swift; sourceTree = "<group>"; };
		45CB8701212D796000239BEC /* Base */ = {isa = PBXFileReference; lastKnownFileType = file.storyboard; name = Base; path = Base.lproj/Main.storyboard; sourceTree = "<group>"; };
		45CB8703212D796100239BEC /* Assets.xcassets */ = {isa = PBXFileReference; lastKnownFileType = folder.assetcatalog; path = Assets.xcassets; sourceTree = "<group>"; };
		45CB8706212D796100239BEC /* Base */ = {isa = PBXFileReference; lastKnownFileType = file.storyboard; name = Base; path = Base.lproj/LaunchScreen.storyboard; sourceTree = "<group>"; };
		45CB8708212D796100239BEC /* Info.plist */ = {isa = PBXFileReference; lastKnownFileType = text.plist.xml; path = Info.plist; sourceTree = "<group>"; };
/* End PBXFileReference section */

/* Begin PBXFrameworksBuildPhase section */
		45CB86F6212D796000239BEC /* Frameworks */ = {
			isa = PBXFrameworksBuildPhase;
			buildActionMask = 2147483647;
			files = (
			);
			runOnlyForDeploymentPostprocessing = 0;
		};
/* End PBXFrameworksBuildPhase section */

/* Begin PBXGroup section */
		45CB86F0212D796000239BEC = {
			isa = PBXGroup;
			children = (
				4555AA85212EC91E00039957 /* README.md */,
				45CB86FB212D796000239BEC /* JSON Project */,
				45CB86FA212D796000239BEC /* Products */,
			);
			sourceTree = "<group>";
		};
		45CB86FA212D796000239BEC /* Products */ = {
			isa = PBXGroup;
			children = (
				45CB86F9212D796000239BEC /* JSON Project.app */,
			);
			name = Products;
			sourceTree = "<group>";
		};
		45CB86FB212D796000239BEC /* JSON Project */ = {
			isa = PBXGroup;
			children = (
				45CB86FC212D796000239BEC /* AppDelegate.swift */,
				45CB86FE212D796000239BEC /* ViewController.swift */,
				45561636212D858B00DF4C6A /* DetailViewController.swift */,
				45561634212D7EA600DF4C6A /* SwiftyJSON.swift */,
				45CB8700212D796000239BEC /* Main.storyboard */,
				45CB8703212D796100239BEC /* Assets.xcassets */,
				45CB8705212D796100239BEC /* LaunchScreen.storyboard */,
				45CB8708212D796100239BEC /* Info.plist */,
			);
			path = "JSON Project";
			sourceTree = "<group>";
		};
/* End PBXGroup section */

/* Begin PBXNativeTarget section */
		45CB86F8212D796000239BEC /* JSON Project */ = {
			isa = PBXNativeTarget;
			buildConfigurationList = 45CB870B212D796100239BEC /* Build configuration list for PBXNativeTarget "JSON Project" */;
			buildPhases = (
				45CB86F5212D796000239BEC /* Sources */,
				45CB86F6212D796000239BEC /* Frameworks */,
				45CB86F7212D796000239BEC /* Resources */,
			);
			buildRules = (
			);
			dependencies = (
			);
			name = "JSON Project";
			productName = "Project 7";
			productReference = 45CB86F9212D796000239BEC /* JSON Project.app */;
			productType = "com.apple.product-type.application";
		};
/* End PBXNativeTarget section */

/* Begin PBXProject section */
		45CB86F1212D796000239BEC /* Project object */ = {
			isa = PBXProject;
			attributes = {
				LastSwiftUpdateCheck = 0940;
				LastUpgradeCheck = 0940;
				ORGANIZATIONNAME = Fressh.nl;
				TargetAttributes = {
					45CB86F8212D796000239BEC = {
						CreatedOnToolsVersion = 9.4.1;
					};
				};
			};
			buildConfigurationList = 45CB86F4212D796000239BEC /* Build configuration list for PBXProject "JSON Project" */;
			compatibilityVersion = "Xcode 9.3";
			developmentRegion = en;
			hasScannedForEncodings = 0;
			knownRegions = (
				en,
				Base,
			);
			mainGroup = 45CB86F0212D796000239BEC;
			productRefGroup = 45CB86FA212D796000239BEC /* Products */;
			projectDirPath = "";
			projectRoot = "";
			targets = (
				45CB86F8212D796000239BEC /* JSON Project */,
			);
		};
/* End PBXProject section */

/* Begin PBXResourcesBuildPhase section */
		45CB86F7212D796000239BEC /* Resources */ = {
			isa = PBXResourcesBuildPhase;
			buildActionMask = 2147483647;
			files = (
				45CB8707212D796100239BEC /* LaunchScreen.storyboard in Resources */,
				45CB8704212D796100239BEC /* Assets.xcassets in Resources */,
				4555AA86212EC91E00039957 /* README.md in Resources */,
				45CB8702212D796000239BEC /* Main.storyboard in Resources */,
			);
			runOnlyForDeploymentPostprocessing = 0;
		};
/* End PBXResourcesBuildPhase section */

/* Begin PBXSourcesBuildPhase section */
		45CB86F5212D796000239BEC /* Sources */ = {
			isa = PBXSourcesBuildPhase;
			buildActionMask = 2147483647;
			files = (
				45561635212D7EA600DF4C6A /* SwiftyJSON.swift in Sources */,
				45CB86FF212D796000239BEC /* ViewController.swift in Sources */,
				45CB86FD212D796000239BEC /* AppDelegate.swift in Sources */,
				45561637212D858B00DF4C6A /* DetailViewController.swift in Sources */,
			);
			runOnlyForDeploymentPostprocessing = 0;
		};
/* End PBXSourcesBuildPhase section */

/* Begin PBXVariantGroup section */
		45CB8700212D796000239BEC /* Main.storyboard */ = {
			isa = PBXVariantGroup;
			children = (
				45CB8701212D796000239BEC /* Base */,
			);
			name = Main.storyboard;
			sourceTree = "<group>";
		};
		45CB8705212D796100239BEC /* LaunchScreen.storyboard */ = {
			isa = PBXVariantGroup;
			children = (
				45CB8706212D796100239BEC /* Base */,
			);
			name = LaunchScreen.storyboard;
			sourceTree = "<group>";
		};
/* End PBXVariantGroup section */

/* Begin XCBuildConfiguration section */
		45CB8709212D796100239BEC /* Debug */ = {
			isa = XCBuildConfiguration;
			buildSettings = {
				ALWAYS_SEARCH_USER_PATHS = NO;
				CLANG_ANALYZER_NONNULL = YES;
				CLANG_ANALYZER_NUMBER_OBJECT_CONVERSION = YES_AGGRESSIVE;
				CLANG_CXX_LANGUAGE_STANDARD = "gnu++14";
				CLANG_CXX_LIBRARY = "libc++";
				CLANG_ENABLE_MODULES = YES;
				CLANG_ENABLE_OBJC_ARC = YES;
				CLANG_ENABLE_OBJC_WEAK = YES;
				CLANG_WARN_BLOCK_CAPTURE_AUTORELEASING = YES;
				CLANG_WARN_BOOL_CONVERSION = YES;
				CLANG_WARN_COMMA = YES;
				CLANG_WARN_CONSTANT_CONVERSION = YES;
				CLANG_WARN_DEPRECATED_OBJC_IMPLEMENTATIONS = YES;
				CLANG_WARN_DIRECT_OBJC_ISA_USAGE = YES_ERROR;
				CLANG_WARN_DOCUMENTATION_COMMENTS = YES;
				CLANG_WARN_EMPTY_BODY = YES;
				CLANG_WARN_ENUM_CONVERSION = YES;
				CLANG_WARN_INFINITE_RECURSION = YES;
				CLANG_WARN_INT_CONVERSION = YES;
				CLANG_WARN_NON_LITERAL_NULL_CONVERSION = YES;
				CLANG_WARN_OBJC_IMPLICIT_RETAIN_SELF = YES;
				CLANG_WARN_OBJC_LITERAL_CONVERSION = YES;
				CLANG_WARN_OBJC_ROOT_CLASS = YES_ERROR;
				CLANG_WARN_RANGE_LOOP_ANALYSIS = YES;
				CLANG_WARN_STRICT_PROTOTYPES = YES;
				CLANG_WARN_SUSPICIOUS_MOVE = YES;
				CLANG_WARN_UNGUARDED_AVAILABILITY = YES_AGGRESSIVE;
				CLANG_WARN_UNREACHABLE_CODE = YES;
				CLANG_WARN__DUPLICATE_METHOD_MATCH = YES;
				CODE_SIGN_IDENTITY = "iPhone Developer";
				COPY_PHASE_STRIP = NO;
				DEBUG_INFORMATION_FORMAT = dwarf;
				ENABLE_STRICT_OBJC_MSGSEND = YES;
				ENABLE_TESTABILITY = YES;
				GCC_C_LANGUAGE_STANDARD = gnu11;
				GCC_DYNAMIC_NO_PIC = NO;
				GCC_NO_COMMON_BLOCKS = YES;
				GCC_OPTIMIZATION_LEVEL = 0;
				GCC_PREPROCESSOR_DEFINITIONS = (
					"DEBUG=1",
					"$(inherited)",
				);
				GCC_WARN_64_TO_32_BIT_CONVERSION = YES;
				GCC_WARN_ABOUT_RETURN_TYPE = YES_ERROR;
				GCC_WARN_UNDECLARED_SELECTOR = YES;
				GCC_WARN_UNINITIALIZED_AUTOS = YES_AGGRESSIVE;
				GCC_WARN_UNUSED_FUNCTION = YES;
				GCC_WARN_UNUSED_VARIABLE = YES;
				IPHONEOS_DEPLOYMENT_TARGET = 12.0;
				MTL_ENABLE_DEBUG_INFO = YES;
				ONLY_ACTIVE_ARCH = YES;
				SDKROOT = iphoneos;
				SWIFT_ACTIVE_COMPILATION_CONDITIONS = DEBUG;
				SWIFT_OPTIMIZATION_LEVEL = "-Onone";
			};
			name = Debug;
		};
		45CB870A212D796100239BEC /* Release */ = {
			isa = XCBuildConfiguration;
			buildSettings = {
				ALWAYS_SEARCH_USER_PATHS = NO;
				CLANG_ANALYZER_NONNULL = YES;
				CLANG_ANALYZER_NUMBER_OBJECT_CONVERSION = YES_AGGRESSIVE;
				CLANG_CXX_LANGUAGE_STANDARD = "gnu++14";
				CLANG_CXX_LIBRARY = "libc++";
				CLANG_ENABLE_MODULES = YES;
				CLANG_ENABLE_OBJC_ARC = YES;
				CLANG_ENABLE_OBJC_WEAK = YES;
				CLANG_WARN_BLOCK_CAPTURE_AUTORELEASING = YES;
				CLANG_WARN_BOOL_CONVERSION = YES;
				CLANG_WARN_COMMA = YES;
				CLANG_WARN_CONSTANT_CONVERSION = YES;
				CLANG_WARN_DEPRECATED_OBJC_IMPLEMENTATIONS = YES;
				CLANG_WARN_DIRECT_OBJC_ISA_USAGE = YES_ERROR;
				CLANG_WARN_DOCUMENTATION_COMMENTS = YES;
				CLANG_WARN_EMPTY_BODY = YES;
				CLANG_WARN_ENUM_CONVERSION = YES;
				CLANG_WARN_INFINITE_RECURSION = YES;
				CLANG_WARN_INT_CONVERSION = YES;
				CLANG_WARN_NON_LITERAL_NULL_CONVERSION = YES;
				CLANG_WARN_OBJC_IMPLICIT_RETAIN_SELF = YES;
				CLANG_WARN_OBJC_LITERAL_CONVERSION = YES;
				CLANG_WARN_OBJC_ROOT_CLASS = YES_ERROR;
				CLANG_WARN_RANGE_LOOP_ANALYSIS = YES;
				CLANG_WARN_STRICT_PROTOTYPES = YES;
				CLANG_WARN_SUSPICIOUS_MOVE = YES;
				CLANG_WARN_UNGUARDED_AVAILABILITY = YES_AGGRESSIVE;
				CLANG_WARN_UNREACHABLE_CODE = YES;
				CLANG_WARN__DUPLICATE_METHOD_MATCH = YES;
				CODE_SIGN_IDENTITY = "iPhone Developer";
				COPY_PHASE_STRIP = NO;
				DEBUG_INFORMATION_FORMAT = "dwarf-with-dsym";
				ENABLE_NS_ASSERTIONS = NO;
				ENABLE_STRICT_OBJC_MSGSEND = YES;
				GCC_C_LANGUAGE_STANDARD = gnu11;
				GCC_NO_COMMON_BLOCKS = YES;
				GCC_WARN_64_TO_32_BIT_CONVERSION = YES;
				GCC_WARN_ABOUT_RETURN_TYPE = YES_ERROR;
				GCC_WARN_UNDECLARED_SELECTOR = YES;
				GCC_WARN_UNINITIALIZED_AUTOS = YES_AGGRESSIVE;
				GCC_WARN_UNUSED_FUNCTION = YES;
				GCC_WARN_UNUSED_VARIABLE = YES;
				IPHONEOS_DEPLOYMENT_TARGET = 12.0;
				MTL_ENABLE_DEBUG_INFO = NO;
				SDKROOT = iphoneos;
				SWIFT_COMPILATION_MODE = wholemodule;
				SWIFT_OPTIMIZATION_LEVEL = "-O";
				VALIDATE_PRODUCT = YES;
			};
			name = Release;
		};
		45CB870C212D796100239BEC /* Debug */ = {
			isa = XCBuildConfiguration;
			buildSettings = {
				ASSETCATALOG_COMPILER_APPICON_NAME = AppIcon;
				CODE_SIGN_STYLE = Automatic;
				DEVELOPMENT_TEAM = 773FQ23Y5A;
				INFOPLIST_FILE = "$(SRCROOT)/JSON Project/Info.plist";
				LD_RUNPATH_SEARCH_PATHS = (
					"$(inherited)",
					"@executable_path/Frameworks",
				);
				PRODUCT_BUNDLE_IDENTIFIER = "nl.fressh.JSON-Project";
				PRODUCT_NAME = "$(TARGET_NAME)";
				SWIFT_VERSION = 4.0;
				TARGETED_DEVICE_FAMILY = "1,2";
			};
			name = Debug;
		};
		45CB870D212D796100239BEC /* Release */ = {
			isa = XCBuildConfiguration;
			buildSettings = {
				ASSETCATALOG_COMPILER_APPICON_NAME = AppIcon;
				CODE_SIGN_STYLE = Automatic;
				DEVELOPMENT_TEAM = 773FQ23Y5A;
				INFOPLIST_FILE = "$(SRCROOT)/JSON Project/Info.plist";
				LD_RUNPATH_SEARCH_PATHS = (
					"$(inherited)",
					"@executable_path/Frameworks",
				);
				PRODUCT_BUNDLE_IDENTIFIER = "nl.fressh.JSON-Project";
				PRODUCT_NAME = "$(TARGET_NAME)";
				SWIFT_VERSION = 4.0;
				TARGETED_DEVICE_FAMILY = "1,2";
			};
			name = Release;
		};
/* End XCBuildConfiguration section */

/* Begin XCConfigurationList section */
		45CB86F4212D796000239BEC /* Build configuration list for PBXProject "JSON Project" */ = {
			isa = XCConfigurationList;
			buildConfigurations = (
				45CB8709212D796100239BEC /* Debug */,
				45CB870A212D796100239BEC /* Release */,
			);
			defaultConfigurationIsVisible = 0;
			defaultConfigurationName = Release;
		};
		45CB870B212D796100239BEC /* Build configuration list for PBXNativeTarget "JSON Project" */ = {
			isa = XCConfigurationList;
			buildConfigurations = (
				45CB870C212D796100239BEC /* Debug */,
				45CB870D212D796100239BEC /* Release */,
			);
			defaultConfigurationIsVisible = 0;
			defaultConfigurationName = Release;
		};
/* End XCConfigurationList section */
	};
	rootObject = 45CB86F1212D796000239BEC /* Project object */;
}
